
Microsoft Visual Studio Solution File, Format Version 12.00
# Visual Studio 15
VisualStudioVersion = 15.0.28010.2046
MinimumVisualStudioVersion = 10.0.40219.1
Project("{9A19103F-16F7-4668-BE54-9A1E7A4F7556}") = "ChatService.Models", "ChatService.Models\ChatService.Models.csproj", "{5D3E72C6-6275-4869-8816-E76647539319}"
EndProject
Project("{FAE04EC0-301F-11D3-BF4B-00C04F79EFBC}") = "ChatService.WCFService", "ChatService.WCFService\ChatService.WCFService.csproj", "{CA31629F-63DF-4F9E-ADBB-1FD6F576F2F9}"
EndProject
Project("{FAE04EC0-301F-11D3-BF4B-00C04F79EFBC}") = "ChatService.ClientApp", "ChatService.ClientApp\ChatService.ClientApp.csproj", "{A24E0B5B-EF4C-49DB-A0AA-5594AA8EB1B6}"
	ProjectSection(ProjectDependencies) = postProject
		{CA31629F-63DF-4F9E-ADBB-1FD6F576F2F9} = {CA31629F-63DF-4F9E-ADBB-1FD6F576F2F9}
	EndProjectSection
EndProject
Global
	GlobalSection(SolutionConfigurationPlatforms) = preSolution
		Debug|Any CPU = Debug|Any CPU
		Release|Any CPU = Release|Any CPU
	EndGlobalSection
	GlobalSection(ProjectConfigurationPlatforms) = postSolution
		{5D3E72C6-6275-4869-8816-E76647539319}.Debug|Any CPU.ActiveCfg = Debug|Any CPU
		{5D3E72C6-6275-4869-8816-E76647539319}.Debug|Any CPU.Build.0 = Debug|Any CPU
		{5D3E72C6-6275-4869-8816-E76647539319}.Release|Any CPU.ActiveCfg = Release|Any CPU
		{5D3E72C6-6275-4869-8816-E76647539319}.Release|Any CPU.Build.0 = Release|Any CPU
		{CA31629F-63DF-4F9E-ADBB-1FD6F576F2F9}.Debug|Any CPU.ActiveCfg = Debug|Any CPU
		{CA31629F-63DF-4F9E-ADBB-1FD6F576F2F9}.Debug|Any CPU.Build.0 = Debug|Any CPU
		{CA31629F-63DF-4F9E-ADBB-1FD6F576F2F9}.Release|Any CPU.ActiveCfg = Release|Any CPU
		{CA31629F-63DF-4F9E-ADBB-1FD6F576F2F9}.Release|Any CPU.Build.0 = Release|Any CPU
		{A24E0B5B-EF4C-49DB-A0AA-5594AA8EB1B6}.Debug|Any CPU.ActiveCfg = Debug|Any CPU
		{A24E0B5B-EF4C-49DB-A0AA-5594AA8EB1B6}.Debug|Any CPU.Build.0 = Debug|Any CPU
		{A24E0B5B-EF4C-49DB-A0AA-5594AA8EB1B6}.Release|Any CPU.ActiveCfg = Release|Any CPU
		{A24E0B5B-EF4C-49DB-A0AA-5594AA8EB1B6}.Release|Any CPU.Build.0 = Release|Any CPU
	EndGlobalSection
	GlobalSection(SolutionProperties) = preSolution
		HideSolutionNode = FALSE
	EndGlobalSection
	GlobalSection(ExtensibilityGlobals) = postSolution
		SolutionGuid = {9C064C1F-9540-4095-A6FA-C6507C8BA9A1}
	EndGlobalSection
EndGlobal
